
Microsoft Visual Studio Solution File, Format Version 12.00
# Visual Studio Version 17
VisualStudioVersion = 17.6.33723.286
MinimumVisualStudioVersion = 10.0.40219.1
Project("{FAE04EC0-301F-11D3-BF4B-00C04F79EFBC}") = "Task1", "Task1\Task1.csproj", "{C3A65BF1-8FF3-48B5-A7AD-5C6F1C909BB7}"
EndProject
Project("{FAE04EC0-301F-11D3-BF4B-00C04F79EFBC}") = "Task2", "Task2\Task2.csproj", "{C7184DAF-5586-4AA6-A778-B8FD4BC6E68F}"
EndProject
Global
	GlobalSection(SolutionConfigurationPlatforms) = preSolution
		Debug|Any CPU = Debug|Any CPU
		Release|Any CPU = Release|Any CPU
	EndGlobalSection
	GlobalSection(ProjectConfigurationPlatforms) = postSolution
		{C3A65BF1-8FF3-48B5-A7AD-5C6F1C909BB7}.Debug|Any CPU.ActiveCfg = Debug|Any CPU
		{C3A65BF1-8FF3-48B5-A7AD-5C6F1C909BB7}.Debug|Any CPU.Build.0 = Debug|Any CPU
		{C3A65BF1-8FF3-48B5-A7AD-5C6F1C909BB7}.Release|Any CPU.ActiveCfg = Release|Any CPU
		{C3A65BF1-8FF3-48B5-A7AD-5C6F1C909BB7}.Release|Any CPU.Build.0 = Release|Any CPU
		{C7184DAF-5586-4AA6-A778-B8FD4BC6E68F}.Debug|Any CPU.ActiveCfg = Debug|Any CPU
		{C7184DAF-5586-4AA6-A778-B8FD4BC6E68F}.Debug|Any CPU.Build.0 = Debug|Any CPU
		{C7184DAF-5586-4AA6-A778-B8FD4BC6E68F}.Release|Any CPU.ActiveCfg = Release|Any CPU
		{C7184DAF-5586-4AA6-A778-B8FD4BC6E68F}.Release|Any CPU.Build.0 = Release|Any CPU
	EndGlobalSection
	GlobalSection(SolutionProperties) = preSolution
		HideSolutionNode = FALSE
	EndGlobalSection
	GlobalSection(ExtensibilityGlobals) = postSolution
		SolutionGuid = {7FA250A9-4476-470F-85FF-6A5A2D25A14E}
	EndGlobalSection
EndGlobal
