
Microsoft Visual Studio Solution File, Format Version 12.00
# Visual Studio Version 17
VisualStudioVersion = 17.6.33723.286
MinimumVisualStudioVersion = 10.0.40219.1
Project("{FAE04EC0-301F-11D3-BF4B-00C04F79EFBC}") = "Task1", "Task1\Task1.csproj", "{1AA20316-6612-47E2-8802-614D944CF204}"
EndProject
Project("{FAE04EC0-301F-11D3-BF4B-00C04F79EFBC}") = "Task2", "Task2\Task2.csproj", "{F0A52EED-14DF-4876-95DD-49F28B5A8F17}"
EndProject
Global
	GlobalSection(SolutionConfigurationPlatforms) = preSolution
		Debug|Any CPU = Debug|Any CPU
		Release|Any CPU = Release|Any CPU
	EndGlobalSection
	GlobalSection(ProjectConfigurationPlatforms) = postSolution
		{1AA20316-6612-47E2-8802-614D944CF204}.Debug|Any CPU.ActiveCfg = Debug|Any CPU
		{1AA20316-6612-47E2-8802-614D944CF204}.Debug|Any CPU.Build.0 = Debug|Any CPU
		{1AA20316-6612-47E2-8802-614D944CF204}.Release|Any CPU.ActiveCfg = Release|Any CPU
		{1AA20316-6612-47E2-8802-614D944CF204}.Release|Any CPU.Build.0 = Release|Any CPU
		{F0A52EED-14DF-4876-95DD-49F28B5A8F17}.Debug|Any CPU.ActiveCfg = Debug|Any CPU
		{F0A52EED-14DF-4876-95DD-49F28B5A8F17}.Debug|Any CPU.Build.0 = Debug|Any CPU
		{F0A52EED-14DF-4876-95DD-49F28B5A8F17}.Release|Any CPU.ActiveCfg = Release|Any CPU
		{F0A52EED-14DF-4876-95DD-49F28B5A8F17}.Release|Any CPU.Build.0 = Release|Any CPU
	EndGlobalSection
	GlobalSection(SolutionProperties) = preSolution
		HideSolutionNode = FALSE
	EndGlobalSection
	GlobalSection(ExtensibilityGlobals) = postSolution
		SolutionGuid = {652AA97A-8AC7-4DC2-8902-8EAD306A182A}
	EndGlobalSection
EndGlobal
